# This file was autogenerated by Stack.
# You should not edit this file by hand.
# For more information, please see the documentation at:
#   https://docs.haskellstack.org/en/stable/lock_files

packages:
- completed:
    cabal-file:
      size: 1810
      sha256: dd43e44147a627c417ab6281528ac6075dadc472cb7470beb6a63419f3a00936
    name: Peekaboo
    version: 0.1.0.0
    git: https://github.com/agustinmista/Peekaboo.git
    pantry-tree:
      size: 1845
      sha256: bf2f3322b3cd375a22c77d9e899d0949d0f0b13701245b58d9f711bea1ac5fbf
    commit: b85f8615ae64e5f0a1e3b003bd36035b6ec295d3
  original:
    git: https://github.com/agustinmista/Peekaboo.git
    commit: b85f8615ae64e5f0a1e3b003bd36035b6ec295d3
snapshots:
- completed:
    size: 523700
    url: https://raw.githubusercontent.com/commercialhaskell/stackage-snapshots/master/lts/14/7.yaml
    sha256: 8e3f3c894be74d71fa4bf085e0a8baae7e4d7622d07ea31a52736b80f8b9bb1a
  original: lts-14.7
