# This file was autogenerated by Stack.
# You should not edit this file by hand.
# For more information, please see the documentation at:
#   https://docs.haskellstack.org/en/stable/lock_files

packages:
- completed:
    cabal-file:
      size: 1825
      sha256: 28083192a3a8b4c2d314f8681d4a7f1e52e3dde6b52ac2bb79a1fa22891e5a70
    name: MonadAnn
    version: 0.1.0.0
    git: https://github.com/OctopiChalmers/MonadAnn.git
    pantry-tree:
      size: 1839
      sha256: 016383d28279fe21eaec9a76dc1582d97cbc9792cd67f50f376aaa587ac409cc
    commit: 6cce2a42a50aae62b86e08228eafef7320b15880
  original:
    git: https://github.com/OctopiChalmers/MonadAnn.git
    commit: 6cce2a42a50aae62b86e08228eafef7320b15880
snapshots:
- completed:
    size: 523700
    url: https://raw.githubusercontent.com/commercialhaskell/stackage-snapshots/master/lts/14/7.yaml
    sha256: 8e3f3c894be74d71fa4bf085e0a8baae7e4d7622d07ea31a52736b80f8b9bb1a
  original: lts-14.7
